
Microsoft Visual Studio Solution File, Format Version 12.00
Project("{FAE04EC0-301F-11D3-BF4B-00C04F79EFBC}") = "SessionUrlJoin", "SessionUrlJoin\SessionUrlJoin.csproj", "{CF8A85BA-5CCC-47C3-A204-FAB03BCCBDBB}"
EndProject
Global
	GlobalSection(SolutionConfigurationPlatforms) = preSolution
		Debug|Any CPU = Debug|Any CPU
		Release|Any CPU = Release|Any CPU
	EndGlobalSection
	GlobalSection(ProjectConfigurationPlatforms) = postSolution
		{CF8A85BA-5CCC-47C3-A204-FAB03BCCBDBB}.Debug|Any CPU.ActiveCfg = Debug|Any CPU
		{CF8A85BA-5CCC-47C3-A204-FAB03BCCBDBB}.Debug|Any CPU.Build.0 = Debug|Any CPU
		{CF8A85BA-5CCC-47C3-A204-FAB03BCCBDBB}.Release|Any CPU.ActiveCfg = Release|Any CPU
		{CF8A85BA-5CCC-47C3-A204-FAB03BCCBDBB}.Release|Any CPU.Build.0 = Release|Any CPU
	EndGlobalSection
EndGlobal
